// !$*UTF8*$!
{
	archiveVersion = 1;
	classes = {
	};
	objectVersion = 46;
	objects = {

/* Begin PBXBuildFile section */
		CD0FDF1D1E806D0B0041C2C9 /* JSONParser.swift in Sources */ = {isa = PBXBuildFile; fileRef = CD0FDF1C1E806D0B0041C2C9 /* JSONParser.swift */; };
		CD0FDF201E80780D0041C2C9 /* HomeTimelineViewController.swift in Sources */ = {isa = PBXBuildFile; fileRef = CD0FDF1F1E80780D0041C2C9 /* HomeTimelineViewController.swift */; };
		CD3206461E803F58002F6E43 /* AppDelegate.swift in Sources */ = {isa = PBXBuildFile; fileRef = CD3206451E803F58002F6E43 /* AppDelegate.swift */; };
		CD32064B1E803F58002F6E43 /* Main.storyboard in Resources */ = {isa = PBXBuildFile; fileRef = CD3206491E803F58002F6E43 /* Main.storyboard */; };
		CD32064D1E803F58002F6E43 /* Assets.xcassets in Resources */ = {isa = PBXBuildFile; fileRef = CD32064C1E803F58002F6E43 /* Assets.xcassets */; };
		CD3206501E803F58002F6E43 /* LaunchScreen.storyboard in Resources */ = {isa = PBXBuildFile; fileRef = CD32064E1E803F58002F6E43 /* LaunchScreen.storyboard */; };
		CD3206581E8052B0002F6E43 /* tweet.json in Resources */ = {isa = PBXBuildFile; fileRef = CD3206571E8052B0002F6E43 /* tweet.json */; };
		CD32065B1E8053EF002F6E43 /* Tweet.swift in Sources */ = {isa = PBXBuildFile; fileRef = CD32065A1E8053EF002F6E43 /* Tweet.swift */; };
		CD32065D1E8053FD002F6E43 /* User.swift in Sources */ = {isa = PBXBuildFile; fileRef = CD32065C1E8053FD002F6E43 /* User.swift */; };
		CD9774191E80861700D0B1CE /* Tweets.swift in Sources */ = {isa = PBXBuildFile; fileRef = CD9774181E80861700D0B1CE /* Tweets.swift */; };
/* End PBXBuildFile section */

/* Begin PBXFileReference section */
		CD0FDF1C1E806D0B0041C2C9 /* JSONParser.swift */ = {isa = PBXFileReference; fileEncoding = 4; lastKnownFileType = sourcecode.swift; path = JSONParser.swift; sourceTree = "<group>"; };
		CD0FDF1F1E80780D0041C2C9 /* HomeTimelineViewController.swift */ = {isa = PBXFileReference; fileEncoding = 4; lastKnownFileType = sourcecode.swift; path = HomeTimelineViewController.swift; sourceTree = "<group>"; };
		CD3206421E803F58002F6E43 /* TwitterClient.app */ = {isa = PBXFileReference; explicitFileType = wrapper.application; includeInIndex = 0; path = TwitterClient.app; sourceTree = BUILT_PRODUCTS_DIR; };
		CD3206451E803F58002F6E43 /* AppDelegate.swift */ = {isa = PBXFileReference; lastKnownFileType = sourcecode.swift; path = AppDelegate.swift; sourceTree = "<group>"; };
		CD32064A1E803F58002F6E43 /* Base */ = {isa = PBXFileReference; lastKnownFileType = file.storyboard; name = Base; path = Base.lproj/Main.storyboard; sourceTree = "<group>"; };
		CD32064C1E803F58002F6E43 /* Assets.xcassets */ = {isa = PBXFileReference; lastKnownFileType = folder.assetcatalog; path = Assets.xcassets; sourceTree = "<group>"; };
		CD32064F1E803F58002F6E43 /* Base */ = {isa = PBXFileReference; lastKnownFileType = file.storyboard; name = Base; path = Base.lproj/LaunchScreen.storyboard; sourceTree = "<group>"; };
		CD3206511E803F58002F6E43 /* Info.plist */ = {isa = PBXFileReference; lastKnownFileType = text.plist.xml; path = Info.plist; sourceTree = "<group>"; };
		CD3206571E8052B0002F6E43 /* tweet.json */ = {isa = PBXFileReference; fileEncoding = 4; lastKnownFileType = text.json; path = tweet.json; sourceTree = "<group>"; };
		CD32065A1E8053EF002F6E43 /* Tweet.swift */ = {isa = PBXFileReference; fileEncoding = 4; lastKnownFileType = sourcecode.swift; path = Tweet.swift; sourceTree = "<group>"; };
		CD32065C1E8053FD002F6E43 /* User.swift */ = {isa = PBXFileReference; fileEncoding = 4; lastKnownFileType = sourcecode.swift; path = User.swift; sourceTree = "<group>"; };
		CD9774181E80861700D0B1CE /* Tweets.swift */ = {isa = PBXFileReference; fileEncoding = 4; lastKnownFileType = sourcecode.swift; path = Tweets.swift; sourceTree = "<group>"; };
/* End PBXFileReference section */

/* Begin PBXFrameworksBuildPhase section */
		CD32063F1E803F55002F6E43 /* Frameworks */ = {
			isa = PBXFrameworksBuildPhase;
			buildActionMask = 2147483647;
			files = (
			);
			runOnlyForDeploymentPostprocessing = 0;
		};
/* End PBXFrameworksBuildPhase section */

/* Begin PBXGroup section */
		CD0FDF1E1E8077BD0041C2C9 /* controller */ = {
			isa = PBXGroup;
			children = (
				CD0FDF1F1E80780D0041C2C9 /* HomeTimelineViewController.swift */,
			);
			name = controller;
			sourceTree = "<group>";
		};
		CD3206391E803F55002F6E43 = {
			isa = PBXGroup;
			children = (
				CD3206441E803F58002F6E43 /* TwitterClient */,
				CD3206431E803F58002F6E43 /* Products */,
			);
			sourceTree = "<group>";
		};
		CD3206431E803F58002F6E43 /* Products */ = {
			isa = PBXGroup;
			children = (
				CD3206421E803F58002F6E43 /* TwitterClient.app */,
			);
			name = Products;
			sourceTree = "<group>";
		};
		CD3206441E803F58002F6E43 /* TwitterClient */ = {
			isa = PBXGroup;
			children = (
				CD97741A1E80A6D800D0B1CE /* views */,
				CD0FDF1E1E8077BD0041C2C9 /* controller */,
				CD3206591E8053C8002F6E43 /* model */,
				CD3206451E803F58002F6E43 /* AppDelegate.swift */,
				CD3206571E8052B0002F6E43 /* tweet.json */,
				CD32064C1E803F58002F6E43 /* Assets.xcassets */,
				CD32064E1E803F58002F6E43 /* LaunchScreen.storyboard */,
				CD3206511E803F58002F6E43 /* Info.plist */,
			);
			path = TwitterClient;
			sourceTree = "<group>";
		};
		CD3206591E8053C8002F6E43 /* model */ = {
			isa = PBXGroup;
			children = (
				CD32065A1E8053EF002F6E43 /* Tweet.swift */,
				CD32065C1E8053FD002F6E43 /* User.swift */,
				CD0FDF1C1E806D0B0041C2C9 /* JSONParser.swift */,
				CD9774181E80861700D0B1CE /* Tweets.swift */,
			);
			name = model;
			sourceTree = "<group>";
		};
		CD97741A1E80A6D800D0B1CE /* views */ = {
			isa = PBXGroup;
			children = (
				CD3206491E803F58002F6E43 /* Main.storyboard */,
			);
			name = views;
			sourceTree = "<group>";
		};
/* End PBXGroup section */

/* Begin PBXNativeTarget section */
		CD3206411E803F55002F6E43 /* TwitterClient */ = {
			isa = PBXNativeTarget;
			buildConfigurationList = CD3206541E803F58002F6E43 /* Build configuration list for PBXNativeTarget "TwitterClient" */;
			buildPhases = (
				CD32063E1E803F55002F6E43 /* Sources */,
				CD32063F1E803F55002F6E43 /* Frameworks */,
				CD3206401E803F55002F6E43 /* Resources */,
			);
			buildRules = (
			);
			dependencies = (
			);
			name = TwitterClient;
			productName = TwitterClient;
			productReference = CD3206421E803F58002F6E43 /* TwitterClient.app */;
			productType = "com.apple.product-type.application";
		};
/* End PBXNativeTarget section */

/* Begin PBXProject section */
		CD32063A1E803F55002F6E43 /* Project object */ = {
			isa = PBXProject;
			attributes = {
				LastSwiftUpdateCheck = 0820;
				LastUpgradeCheck = 0820;
				ORGANIZATIONNAME = "Elyanil Liranzo Castro";
				TargetAttributes = {
					CD3206411E803F55002F6E43 = {
						CreatedOnToolsVersion = 8.2.1;
						ProvisioningStyle = Automatic;
					};
				};
			};
			buildConfigurationList = CD32063D1E803F55002F6E43 /* Build configuration list for PBXProject "TwitterClient" */;
			compatibilityVersion = "Xcode 3.2";
			developmentRegion = English;
			hasScannedForEncodings = 0;
			knownRegions = (
				en,
				Base,
			);
			mainGroup = CD3206391E803F55002F6E43;
			productRefGroup = CD3206431E803F58002F6E43 /* Products */;
			projectDirPath = "";
			projectRoot = "";
			targets = (
				CD3206411E803F55002F6E43 /* TwitterClient */,
			);
		};
/* End PBXProject section */

/* Begin PBXResourcesBuildPhase section */
		CD3206401E803F55002F6E43 /* Resources */ = {
			isa = PBXResourcesBuildPhase;
			buildActionMask = 2147483647;
			files = (
				CD3206501E803F58002F6E43 /* LaunchScreen.storyboard in Resources */,
				CD32064D1E803F58002F6E43 /* Assets.xcassets in Resources */,
				CD32064B1E803F58002F6E43 /* Main.storyboard in Resources */,
				CD3206581E8052B0002F6E43 /* tweet.json in Resources */,
			);
			runOnlyForDeploymentPostprocessing = 0;
		};
/* End PBXResourcesBuildPhase section */

/* Begin PBXSourcesBuildPhase section */
		CD32063E1E803F55002F6E43 /* Sources */ = {
			isa = PBXSourcesBuildPhase;
			buildActionMask = 2147483647;
			files = (
				CD32065D1E8053FD002F6E43 /* User.swift in Sources */,
				CD0FDF1D1E806D0B0041C2C9 /* JSONParser.swift in Sources */,
				CD32065B1E8053EF002F6E43 /* Tweet.swift in Sources */,
				CD3206461E803F58002F6E43 /* AppDelegate.swift in Sources */,
				CD0FDF201E80780D0041C2C9 /* HomeTimelineViewController.swift in Sources */,
				CD9774191E80861700D0B1CE /* Tweets.swift in Sources */,
			);
			runOnlyForDeploymentPostprocessing = 0;
		};
/* End PBXSourcesBuildPhase section */

/* Begin PBXVariantGroup section */
		CD3206491E803F58002F6E43 /* Main.storyboard */ = {
			isa = PBXVariantGroup;
			children = (
				CD32064A1E803F58002F6E43 /* Base */,
			);
			name = Main.storyboard;
			sourceTree = "<group>";
		};
		CD32064E1E803F58002F6E43 /* LaunchScreen.storyboard */ = {
			isa = PBXVariantGroup;
			children = (
				CD32064F1E803F58002F6E43 /* Base */,
			);
			name = LaunchScreen.storyboard;
			sourceTree = "<group>";
		};
/* End PBXVariantGroup section */

/* Begin XCBuildConfiguration section */
		CD3206521E803F58002F6E43 /* Debug */ = {
			isa = XCBuildConfiguration;
			buildSettings = {
				ALWAYS_SEARCH_USER_PATHS = NO;
				CLANG_ANALYZER_NONNULL = YES;
				CLANG_CXX_LANGUAGE_STANDARD = "gnu++0x";
				CLANG_CXX_LIBRARY = "libc++";
				CLANG_ENABLE_MODULES = YES;
				CLANG_ENABLE_OBJC_ARC = YES;
				CLANG_WARN_BOOL_CONVERSION = YES;
				CLANG_WARN_CONSTANT_CONVERSION = YES;
				CLANG_WARN_DIRECT_OBJC_ISA_USAGE = YES_ERROR;
				CLANG_WARN_DOCUMENTATION_COMMENTS = YES;
				CLANG_WARN_EMPTY_BODY = YES;
				CLANG_WARN_ENUM_CONVERSION = YES;
				CLANG_WARN_INFINITE_RECURSION = YES;
				CLANG_WARN_INT_CONVERSION = YES;
				CLANG_WARN_OBJC_ROOT_CLASS = YES_ERROR;
				CLANG_WARN_SUSPICIOUS_MOVE = YES;
				CLANG_WARN_UNREACHABLE_CODE = YES;
				CLANG_WARN__DUPLICATE_METHOD_MATCH = YES;
				"CODE_SIGN_IDENTITY[sdk=iphoneos*]" = "iPhone Developer";
				COPY_PHASE_STRIP = NO;
				DEBUG_INFORMATION_FORMAT = dwarf;
				ENABLE_STRICT_OBJC_MSGSEND = YES;
				ENABLE_TESTABILITY = YES;
				GCC_C_LANGUAGE_STANDARD = gnu99;
				GCC_DYNAMIC_NO_PIC = NO;
				GCC_NO_COMMON_BLOCKS = YES;
				GCC_OPTIMIZATION_LEVEL = 0;
				GCC_PREPROCESSOR_DEFINITIONS = (
					"DEBUG=1",
					"$(inherited)",
				);
				GCC_WARN_64_TO_32_BIT_CONVERSION = YES;
				GCC_WARN_ABOUT_RETURN_TYPE = YES_ERROR;
				GCC_WARN_UNDECLARED_SELECTOR = YES;
				GCC_WARN_UNINITIALIZED_AUTOS = YES_AGGRESSIVE;
				GCC_WARN_UNUSED_FUNCTION = YES;
				GCC_WARN_UNUSED_VARIABLE = YES;
				IPHONEOS_DEPLOYMENT_TARGET = 10.2;
				MTL_ENABLE_DEBUG_INFO = YES;
				ONLY_ACTIVE_ARCH = YES;
				SDKROOT = iphoneos;
				SWIFT_ACTIVE_COMPILATION_CONDITIONS = DEBUG;
				SWIFT_OPTIMIZATION_LEVEL = "-Onone";
				TARGETED_DEVICE_FAMILY = "1,2";
			};
			name = Debug;
		};
		CD3206531E803F58002F6E43 /* Release */ = {
			isa = XCBuildConfiguration;
			buildSettings = {
				ALWAYS_SEARCH_USER_PATHS = NO;
				CLANG_ANALYZER_NONNULL = YES;
				CLANG_CXX_LANGUAGE_STANDARD = "gnu++0x";
				CLANG_CXX_LIBRARY = "libc++";
				CLANG_ENABLE_MODULES = YES;
				CLANG_ENABLE_OBJC_ARC = YES;
				CLANG_WARN_BOOL_CONVERSION = YES;
				CLANG_WARN_CONSTANT_CONVERSION = YES;
				CLANG_WARN_DIRECT_OBJC_ISA_USAGE = YES_ERROR;
				CLANG_WARN_DOCUMENTATION_COMMENTS = YES;
				CLANG_WARN_EMPTY_BODY = YES;
				CLANG_WARN_ENUM_CONVERSION = YES;
				CLANG_WARN_INFINITE_RECURSION = YES;
				CLANG_WARN_INT_CONVERSION = YES;
				CLANG_WARN_OBJC_ROOT_CLASS = YES_ERROR;
				CLANG_WARN_SUSPICIOUS_MOVE = YES;
				CLANG_WARN_UNREACHABLE_CODE = YES;
				CLANG_WARN__DUPLICATE_METHOD_MATCH = YES;
				"CODE_SIGN_IDENTITY[sdk=iphoneos*]" = "iPhone Developer";
				COPY_PHASE_STRIP = NO;
				DEBUG_INFORMATION_FORMAT = "dwarf-with-dsym";
				ENABLE_NS_ASSERTIONS = NO;
				ENABLE_STRICT_OBJC_MSGSEND = YES;
				GCC_C_LANGUAGE_STANDARD = gnu99;
				GCC_NO_COMMON_BLOCKS = YES;
				GCC_WARN_64_TO_32_BIT_CONVERSION = YES;
				GCC_WARN_ABOUT_RETURN_TYPE = YES_ERROR;
				GCC_WARN_UNDECLARED_SELECTOR = YES;
				GCC_WARN_UNINITIALIZED_AUTOS = YES_AGGRESSIVE;
				GCC_WARN_UNUSED_FUNCTION = YES;
				GCC_WARN_UNUSED_VARIABLE = YES;
				IPHONEOS_DEPLOYMENT_TARGET = 10.2;
				MTL_ENABLE_DEBUG_INFO = NO;
				SDKROOT = iphoneos;
				SWIFT_OPTIMIZATION_LEVEL = "-Owholemodule";
				TARGETED_DEVICE_FAMILY = "1,2";
				VALIDATE_PRODUCT = YES;
			};
			name = Release;
		};
		CD3206551E803F58002F6E43 /* Debug */ = {
			isa = XCBuildConfiguration;
			buildSettings = {
				ASSETCATALOG_COMPILER_APPICON_NAME = AppIcon;
				INFOPLIST_FILE = TwitterClient/Info.plist;
				LD_RUNPATH_SEARCH_PATHS = "$(inherited) @executable_path/Frameworks";
				PRODUCT_BUNDLE_IDENTIFIER = com.elyaniliranzocastro.TwitterClient;
				PRODUCT_NAME = "$(TARGET_NAME)";
				SWIFT_VERSION = 3.0;
			};
			name = Debug;
		};
		CD3206561E803F58002F6E43 /* Release */ = {
			isa = XCBuildConfiguration;
			buildSettings = {
				ASSETCATALOG_COMPILER_APPICON_NAME = AppIcon;
				INFOPLIST_FILE = TwitterClient/Info.plist;
				LD_RUNPATH_SEARCH_PATHS = "$(inherited) @executable_path/Frameworks";
				PRODUCT_BUNDLE_IDENTIFIER = com.elyaniliranzocastro.TwitterClient;
				PRODUCT_NAME = "$(TARGET_NAME)";
				SWIFT_VERSION = 3.0;
			};
			name = Release;
		};
/* End XCBuildConfiguration section */

/* Begin XCConfigurationList section */
		CD32063D1E803F55002F6E43 /* Build configuration list for PBXProject "TwitterClient" */ = {
			isa = XCConfigurationList;
			buildConfigurations = (
				CD3206521E803F58002F6E43 /* Debug */,
				CD3206531E803F58002F6E43 /* Release */,
			);
			defaultConfigurationIsVisible = 0;
			defaultConfigurationName = Release;
		};
		CD3206541E803F58002F6E43 /* Build configuration list for PBXNativeTarget "TwitterClient" */ = {
			isa = XCConfigurationList;
			buildConfigurations = (
				CD3206551E803F58002F6E43 /* Debug */,
				CD3206561E803F58002F6E43 /* Release */,
			);
			defaultConfigurationIsVisible = 0;
			defaultConfigurationName = Release;
		};
/* End XCConfigurationList section */
	};
	rootObject = CD32063A1E803F55002F6E43 /* Project object */;
}
